
Microsoft Visual Studio Solution File, Format Version 12.00
# Visual Studio 2012
Project("{8BC9CEB8-8B4A-11D0-8D11-00A0C91BC942}") = "MFCOpenGL", "MFCOpenGL\MFCOpenGL.vcxproj", "{056A88A3-3B7B-4D53-81C3-C155D4E2620E}"
EndProject
Global
	GlobalSection(SolutionConfigurationPlatforms) = preSolution
		Debug|Win32 = Debug|Win32
		Release|Win32 = Release|Win32
	EndGlobalSection
	GlobalSection(ProjectConfigurationPlatforms) = postSolution
		{056A88A3-3B7B-4D53-81C3-C155D4E2620E}.Debug|Win32.ActiveCfg = Debug|Win32
		{056A88A3-3B7B-4D53-81C3-C155D4E2620E}.Debug|Win32.Build.0 = Debug|Win32
		{056A88A3-3B7B-4D53-81C3-C155D4E2620E}.Release|Win32.ActiveCfg = Release|Win32
		{056A88A3-3B7B-4D53-81C3-C155D4E2620E}.Release|Win32.Build.0 = Release|Win32
	EndGlobalSection
	GlobalSection(SolutionProperties) = preSolution
		HideSolutionNode = FALSE
	EndGlobalSection
EndGlobal
